<?xml version="1.0" encoding="UTF-8"?>
<Scheme
   LastUpgradeVersion = "0630"
   version = "2.0">
   <BuildAction
      parallelizeBuildables = "YES"
      buildImplicitDependencies = "YES">
      <BuildActionEntries>
         <BuildActionEntry
            buildForTesting = "YES"
            buildForRunning = "YES"
            buildForProfiling = "YES"
            buildForArchiving = "YES"
            buildForAnalyzing = "YES">
            <BuildableReference
               BuildableIdentifier = "primary"
               BlueprintIdentifier = "6B9BE2C71B103F19001A135B"
               BuildableName = "NextDepartures WatchKit App.app"
               BlueprintName = "NextDepartures WatchKit App"
               ReferencedContainer = "container:NextDepartures.xcodeproj">
            </BuildableReference>
         </BuildActionEntry>
         <BuildActionEntry
            buildForTesting = "YES"
            buildForRunning = "YES"
            buildForProfiling = "YES"
            buildForArchiving = "YES"
            buildForAnalyzing = "YES">
            <BuildableReference
               BuildableIdentifier = "primary"
               BlueprintIdentifier = "6B9BE2601B103EDE001A135B"
               BuildableName = "NextDepartures.app"
               BlueprintName = "NextDepartures"
               ReferencedContainer = "container:NextDepartures.xcodeproj">
            </BuildableReference>
         </BuildActionEntry>
         <BuildActionEntry
            buildForTesting = "YES"
            buildForRunning = "YES"
            buildForProfiling = "YES"
            buildForArchiving = "YES"
            buildForAnalyzing = "YES">
            <BuildableReference
               BuildableIdentifier = "primary"
               BlueprintIdentifier = "6B9BE2B81B103F19001A135B"
               BuildableName = "NextDepartures WatchKit Extension.appex"
               BlueprintName = "NextDepartures WatchKit Extension"
               ReferencedContainer = "container:NextDepartures.xcodeproj">
            </BuildableReference>
         </BuildActionEntry>
         <BuildActionEntry
            buildForTesting = "YES"
            buildForRunning = "YES"
            buildForProfiling = "NO"
            buildForArchiving = "NO"
            buildForAnalyzing = "YES">
            <BuildableReference
               BuildableIdentifier = "primary"
               BlueprintIdentifier = "6BB799A11B12E0EB0094E733"
               BuildableName = "NextDeparturesFrameworkTests.xctest"
               BlueprintName = "NextDeparturesFrameworkTests"
               ReferencedContainer = "container:NextDepartures.xcodeproj">
            </BuildableReference>
         </BuildActionEntry>
      </BuildActionEntries>
   </BuildAction>
   <TestAction
      selectedDebuggerIdentifier = "Xcode.DebuggerFoundation.Debugger.LLDB"
      selectedLauncherIdentifier = "Xcode.DebuggerFoundation.Launcher.LLDB"
      shouldUseLaunchSchemeArgsEnv = "YES"
      buildConfiguration = "Debug">
      <Testables>
         <TestableReference
            skipped = "NO">
            <BuildableReference
               BuildableIdentifier = "primary"
               BlueprintIdentifier = "6BB799A11B12E0EB0094E733"
               BuildableName = "NextDeparturesFrameworkTests.xctest"
               BlueprintName = "NextDeparturesFrameworkTests"
               ReferencedContainer = "container:NextDepartures.xcodeproj">
            </BuildableReference>
         </TestableReference>
      </Testables>
      <MacroExpansion>
         <BuildableReference
            BuildableIdentifier = "primary"
            BlueprintIdentifier = "6B9BE2C71B103F19001A135B"
            BuildableName = "NextDepartures WatchKit App.app"
            BlueprintName = "NextDepartures WatchKit App"
            ReferencedContainer = "container:NextDepartures.xcodeproj">
         </BuildableReference>
      </MacroExpansion>
   </TestAction>
   <LaunchAction
      selectedDebuggerIdentifier = "Xcode.DebuggerFoundation.Debugger.LLDB"
      selectedLauncherIdentifier = "Xcode.DebuggerFoundation.Launcher.LLDB"
      launchStyle = "0"
      useCustomWorkingDirectory = "NO"
      buildConfiguration = "Debug"
      ignoresPersistentStateOnLaunch = "NO"
      debugDocumentVersioning = "YES"
      allowLocationSimulation = "YES"
      launchAutomaticallySubstyle = "4">
      <RemoteRunnable
         runnableDebuggingMode = "2"
         BundleIdentifier = "com.apple.springboard"
         RemotePath = "/NextDepartures">
         <BuildableReference
            BuildableIdentifier = "primary"
            BlueprintIdentifier = "6B9BE2C71B103F19001A135B"
            BuildableName = "NextDepartures WatchKit App.app"
            BlueprintName = "NextDepartures WatchKit App"
            ReferencedContainer = "container:NextDepartures.xcodeproj">
         </BuildableReference>
      </RemoteRunnable>
      <MacroExpansion>
         <BuildableReference
            BuildableIdentifier = "primary"
            BlueprintIdentifier = "6B9BE2C71B103F19001A135B"
            BuildableName = "NextDepartures WatchKit App.app"
            BlueprintName = "NextDepartures WatchKit App"
            ReferencedContainer = "container:NextDepartures.xcodeproj">
         </BuildableReference>
      </MacroExpansion>
      <AdditionalOptions>
      </AdditionalOptions>
   </LaunchAction>
   <ProfileAction
      shouldUseLaunchSchemeArgsEnv = "YES"
      savedToolIdentifier = ""
      useCustomWorkingDirectory = "NO"
      buildConfiguration = "Release"
      debugDocumentVersioning = "YES"
      launchAutomaticallySubstyle = "4">
      <RemoteRunnable
         runnableDebuggingMode = "2"
         BundleIdentifier = "com.apple.springboard"
         RemotePath = "/NextDepartures">
         <BuildableReference
            BuildableIdentifier = "primary"
            BlueprintIdentifier = "6B9BE2C71B103F19001A135B"
            BuildableName = "NextDepartures WatchKit App.app"
            BlueprintName = "NextDepartures WatchKit App"
            ReferencedContainer = "container:NextDepartures.xcodeproj">
         </BuildableReference>
      </RemoteRunnable>
      <MacroExpansion>
         <BuildableReference
            BuildableIdentifier = "primary"
            BlueprintIdentifier = "6B9BE2C71B103F19001A135B"
            BuildableName = "NextDepartures WatchKit App.app"
            BlueprintName = "NextDepartures WatchKit App"
            ReferencedContainer = "container:NextDepartures.xcodeproj">
         </BuildableReference>
      </MacroExpansion>
   </ProfileAction>
   <AnalyzeAction
      buildConfiguration = "Debug">
   </AnalyzeAction>
   <ArchiveAction
      buildConfiguration = "Release"
      revealArchiveInOrganizer = "YES">
   </ArchiveAction>
</Scheme>
